
Microsoft Visual Studio Solution File, Format Version 12.00
# Visual Studio Express 2013 for Windows Desktop
VisualStudioVersion = 12.0.21005.1
MinimumVisualStudioVersion = 10.0.40219.1
Project("{FAE04EC0-301F-11D3-BF4B-00C04F79EFBC}") = "NML", "NML\NML.csproj", "{F216D139-C555-4972-95D5-68E0B4D4EE9F}"
	ProjectSection(ProjectDependencies) = postProject
		{A77EA9B2-E7C0-4615-8D0E-1537FF322F63} = {A77EA9B2-E7C0-4615-8D0E-1537FF322F63}
	EndProjectSection
EndProject
Project("{FAE04EC0-301F-11D3-BF4B-00C04F79EFBC}") = "NML.Core", "NML.Core\NML.Core.csproj", "{31A51C9A-C410-495F-837C-5A19E5B1B961}"
EndProject
Project("{FAE04EC0-301F-11D3-BF4B-00C04F79EFBC}") = "NML.Search.Google", "NML.Search.Google\NML.Search.Google.csproj", "{A77EA9B2-E7C0-4615-8D0E-1537FF322F63}"
EndProject
Project("{FAE04EC0-301F-11D3-BF4B-00C04F79EFBC}") = "NML.Search.Calc", "NML.Search.Calc\NML.Search.Calc.csproj", "{CD8A8CA4-6844-44A3-AFA0-2C07D48AAE26}"
EndProject
Project("{FAE04EC0-301F-11D3-BF4B-00C04F79EFBC}") = "NML.Search.Wikipedia", "NML.Search.Wikipedia\NML.Search.Wikipedia.csproj", "{D7FB6E03-74F7-4DCA-8423-963F678D7EF8}"
EndProject
Project("{FAE04EC0-301F-11D3-BF4B-00C04F79EFBC}") = "NML.Search.Facebook", "NML.Search.Facebook\NML.Search.Facebook.csproj", "{414F3CA8-8616-42D5-AB0A-5D9009546175}"
EndProject
Global
	GlobalSection(SolutionConfigurationPlatforms) = preSolution
		Debug|Any CPU = Debug|Any CPU
		Release|Any CPU = Release|Any CPU
	EndGlobalSection
	GlobalSection(ProjectConfigurationPlatforms) = postSolution
		{F216D139-C555-4972-95D5-68E0B4D4EE9F}.Debug|Any CPU.ActiveCfg = Debug|Any CPU
		{F216D139-C555-4972-95D5-68E0B4D4EE9F}.Debug|Any CPU.Build.0 = Debug|Any CPU
		{F216D139-C555-4972-95D5-68E0B4D4EE9F}.Release|Any CPU.ActiveCfg = Release|Any CPU
		{F216D139-C555-4972-95D5-68E0B4D4EE9F}.Release|Any CPU.Build.0 = Release|Any CPU
		{31A51C9A-C410-495F-837C-5A19E5B1B961}.Debug|Any CPU.ActiveCfg = Debug|Any CPU
		{31A51C9A-C410-495F-837C-5A19E5B1B961}.Debug|Any CPU.Build.0 = Debug|Any CPU
		{31A51C9A-C410-495F-837C-5A19E5B1B961}.Release|Any CPU.ActiveCfg = Release|Any CPU
		{31A51C9A-C410-495F-837C-5A19E5B1B961}.Release|Any CPU.Build.0 = Release|Any CPU
		{A77EA9B2-E7C0-4615-8D0E-1537FF322F63}.Debug|Any CPU.ActiveCfg = Debug|Any CPU
		{A77EA9B2-E7C0-4615-8D0E-1537FF322F63}.Debug|Any CPU.Build.0 = Debug|Any CPU
		{A77EA9B2-E7C0-4615-8D0E-1537FF322F63}.Release|Any CPU.ActiveCfg = Release|Any CPU
		{A77EA9B2-E7C0-4615-8D0E-1537FF322F63}.Release|Any CPU.Build.0 = Release|Any CPU
		{CD8A8CA4-6844-44A3-AFA0-2C07D48AAE26}.Debug|Any CPU.ActiveCfg = Debug|Any CPU
		{CD8A8CA4-6844-44A3-AFA0-2C07D48AAE26}.Debug|Any CPU.Build.0 = Debug|Any CPU
		{CD8A8CA4-6844-44A3-AFA0-2C07D48AAE26}.Release|Any CPU.ActiveCfg = Release|Any CPU
		{CD8A8CA4-6844-44A3-AFA0-2C07D48AAE26}.Release|Any CPU.Build.0 = Release|Any CPU
		{D7FB6E03-74F7-4DCA-8423-963F678D7EF8}.Debug|Any CPU.ActiveCfg = Debug|Any CPU
		{D7FB6E03-74F7-4DCA-8423-963F678D7EF8}.Debug|Any CPU.Build.0 = Debug|Any CPU
		{D7FB6E03-74F7-4DCA-8423-963F678D7EF8}.Release|Any CPU.ActiveCfg = Release|Any CPU
		{D7FB6E03-74F7-4DCA-8423-963F678D7EF8}.Release|Any CPU.Build.0 = Release|Any CPU
		{414F3CA8-8616-42D5-AB0A-5D9009546175}.Debug|Any CPU.ActiveCfg = Debug|Any CPU
		{414F3CA8-8616-42D5-AB0A-5D9009546175}.Debug|Any CPU.Build.0 = Debug|Any CPU
		{414F3CA8-8616-42D5-AB0A-5D9009546175}.Release|Any CPU.ActiveCfg = Release|Any CPU
		{414F3CA8-8616-42D5-AB0A-5D9009546175}.Release|Any CPU.Build.0 = Release|Any CPU
	EndGlobalSection
	GlobalSection(SolutionProperties) = preSolution
		HideSolutionNode = FALSE
	EndGlobalSection
EndGlobal
